
Microsoft Visual Studio Solution File, Format Version 12.00
# Visual Studio Version 17
VisualStudioVersion = 17.10.35027.167
MinimumVisualStudioVersion = 10.0.40219.1
Project("{FAE04EC0-301F-11D3-BF4B-00C04F79EFBC}") = "ConsoleApp1", "ConsoleApp1\ConsoleApp1.csproj", "{B0850271-08C7-41D2-BDD7-68EECE7D08BA}"
EndProject
Global
	GlobalSection(SolutionConfigurationPlatforms) = preSolution
		Debug|Any CPU = Debug|Any CPU
		Release|Any CPU = Release|Any CPU
	EndGlobalSection
	GlobalSection(ProjectConfigurationPlatforms) = postSolution
		{B0850271-08C7-41D2-BDD7-68EECE7D08BA}.Debug|Any CPU.ActiveCfg = Debug|Any CPU
		{B0850271-08C7-41D2-BDD7-68EECE7D08BA}.Debug|Any CPU.Build.0 = Debug|Any CPU
		{B0850271-08C7-41D2-BDD7-68EECE7D08BA}.Release|Any CPU.ActiveCfg = Release|Any CPU
		{B0850271-08C7-41D2-BDD7-68EECE7D08BA}.Release|Any CPU.Build.0 = Release|Any CPU
	EndGlobalSection
	GlobalSection(SolutionProperties) = preSolution
		HideSolutionNode = FALSE
	EndGlobalSection
	GlobalSection(ExtensibilityGlobals) = postSolution
		SolutionGuid = {8CB1749D-2BFC-4E35-BBF4-89150E40DE78}
	EndGlobalSection
EndGlobal
